// !$*UTF8*$!
{
	archiveVersion = 1;
	classes = {
	};
	objectVersion = 55;
	objects = {

/* Begin PBXBuildFile section */
		C4187CAE28724563003B0820 /* Input.swift in Sources */ = {isa = PBXBuildFile; fileRef = C4187CAD28724563003B0820 /* Input.swift */; };
		C4187CB0287248B7003B0820 /* Token.swift in Sources */ = {isa = PBXBuildFile; fileRef = C4187CAF287248B7003B0820 /* Token.swift */; };
		C4187CB2287248E0003B0820 /* Evaluator.swift in Sources */ = {isa = PBXBuildFile; fileRef = C4187CB1287248E0003B0820 /* Evaluator.swift */; };
		C4187CB528724934003B0820 /* Expression in Frameworks */ = {isa = PBXBuildFile; productRef = C4187CB428724934003B0820 /* Expression */; };
		C4187CB828725A21003B0820 /* Binding+onChange.swift in Sources */ = {isa = PBXBuildFile; fileRef = C4187CB728725A21003B0820 /* Binding+onChange.swift */; };
		C4187CBA2872B568003B0820 /* ButtonPanelView.swift in Sources */ = {isa = PBXBuildFile; fileRef = C4187CB92872B568003B0820 /* ButtonPanelView.swift */; };
		C4187CBC2872B575003B0820 /* DisplayView.swift in Sources */ = {isa = PBXBuildFile; fileRef = C4187CBB2872B575003B0820 /* DisplayView.swift */; };
		C4187CBE2872B5AE003B0820 /* ButtonView.swift in Sources */ = {isa = PBXBuildFile; fileRef = C4187CBD2872B5AE003B0820 /* ButtonView.swift */; };
		C4941B9E286FA05400D618D6 /* BreezeApp.swift in Sources */ = {isa = PBXBuildFile; fileRef = C4941B9D286FA05400D618D6 /* BreezeApp.swift */; };
		C4941BA0286FA05400D618D6 /* ContentView.swift in Sources */ = {isa = PBXBuildFile; fileRef = C4941B9F286FA05400D618D6 /* ContentView.swift */; };
		C4941BA2286FA05500D618D6 /* Assets.xcassets in Resources */ = {isa = PBXBuildFile; fileRef = C4941BA1286FA05500D618D6 /* Assets.xcassets */; };
		C4941BA5286FA05500D618D6 /* Preview Assets.xcassets in Resources */ = {isa = PBXBuildFile; fileRef = C4941BA4286FA05500D618D6 /* Preview Assets.xcassets */; };
		C4D2FB572877C5A4001E3DBD /* Theme.swift in Sources */ = {isa = PBXBuildFile; fileRef = C4D2FB562877C5A4001E3DBD /* Theme.swift */; };
		C4D2FB592877CEA4001E3DBD /* Color+init.swift in Sources */ = {isa = PBXBuildFile; fileRef = C4D2FB582877CEA4001E3DBD /* Color+init.swift */; };
		C4D2FB5B28786BAD001E3DBD /* Settings.swift in Sources */ = {isa = PBXBuildFile; fileRef = C4D2FB5A28786BAD001E3DBD /* Settings.swift */; };
		C4F78C652883A9990010041F /* DragView.swift in Sources */ = {isa = PBXBuildFile; fileRef = C4F78C642883A9990010041F /* DragView.swift */; };
/* End PBXBuildFile section */

/* Begin PBXFileReference section */
		C4187CAD28724563003B0820 /* Input.swift */ = {isa = PBXFileReference; lastKnownFileType = sourcecode.swift; path = Input.swift; sourceTree = "<group>"; };
		C4187CAF287248B7003B0820 /* Token.swift */ = {isa = PBXFileReference; lastKnownFileType = sourcecode.swift; path = Token.swift; sourceTree = "<group>"; };
		C4187CB1287248E0003B0820 /* Evaluator.swift */ = {isa = PBXFileReference; lastKnownFileType = sourcecode.swift; path = Evaluator.swift; sourceTree = "<group>"; };
		C4187CB728725A21003B0820 /* Binding+onChange.swift */ = {isa = PBXFileReference; lastKnownFileType = sourcecode.swift; path = "Binding+onChange.swift"; sourceTree = "<group>"; };
		C4187CB92872B568003B0820 /* ButtonPanelView.swift */ = {isa = PBXFileReference; lastKnownFileType = sourcecode.swift; path = ButtonPanelView.swift; sourceTree = "<group>"; };
		C4187CBB2872B575003B0820 /* DisplayView.swift */ = {isa = PBXFileReference; lastKnownFileType = sourcecode.swift; path = DisplayView.swift; sourceTree = "<group>"; };
		C4187CBD2872B5AE003B0820 /* ButtonView.swift */ = {isa = PBXFileReference; lastKnownFileType = sourcecode.swift; path = ButtonView.swift; sourceTree = "<group>"; };
		C46A2D432884562000F7DA59 /* Info.plist */ = {isa = PBXFileReference; lastKnownFileType = text.plist; path = Info.plist; sourceTree = "<group>"; };
		C4941B9A286FA05400D618D6 /* Breeze.app */ = {isa = PBXFileReference; explicitFileType = wrapper.application; includeInIndex = 0; path = Breeze.app; sourceTree = BUILT_PRODUCTS_DIR; };
		C4941B9D286FA05400D618D6 /* BreezeApp.swift */ = {isa = PBXFileReference; lastKnownFileType = sourcecode.swift; path = BreezeApp.swift; sourceTree = "<group>"; };
		C4941B9F286FA05400D618D6 /* ContentView.swift */ = {isa = PBXFileReference; lastKnownFileType = sourcecode.swift; path = ContentView.swift; sourceTree = "<group>"; };
		C4941BA1286FA05500D618D6 /* Assets.xcassets */ = {isa = PBXFileReference; lastKnownFileType = folder.assetcatalog; path = Assets.xcassets; sourceTree = "<group>"; };
		C4941BA4286FA05500D618D6 /* Preview Assets.xcassets */ = {isa = PBXFileReference; lastKnownFileType = folder.assetcatalog; path = "Preview Assets.xcassets"; sourceTree = "<group>"; };
		C4D2FB562877C5A4001E3DBD /* Theme.swift */ = {isa = PBXFileReference; lastKnownFileType = sourcecode.swift; path = Theme.swift; sourceTree = "<group>"; };
		C4D2FB582877CEA4001E3DBD /* Color+init.swift */ = {isa = PBXFileReference; lastKnownFileType = sourcecode.swift; path = "Color+init.swift"; sourceTree = "<group>"; };
		C4D2FB5A28786BAD001E3DBD /* Settings.swift */ = {isa = PBXFileReference; lastKnownFileType = sourcecode.swift; path = Settings.swift; sourceTree = "<group>"; };
		C4F78C642883A9990010041F /* DragView.swift */ = {isa = PBXFileReference; lastKnownFileType = sourcecode.swift; path = DragView.swift; sourceTree = "<group>"; };
/* End PBXFileReference section */

/* Begin PBXFrameworksBuildPhase section */
		C4941B97286FA05400D618D6 /* Frameworks */ = {
			isa = PBXFrameworksBuildPhase;
			buildActionMask = 2147483647;
			files = (
				C4187CB528724934003B0820 /* Expression in Frameworks */,
			);
			runOnlyForDeploymentPostprocessing = 0;
		};
/* End PBXFrameworksBuildPhase section */

/* Begin PBXGroup section */
		C4187CAC287244E7003B0820 /* Engine */ = {
			isa = PBXGroup;
			children = (
				C4187CAD28724563003B0820 /* Input.swift */,
				C4187CAF287248B7003B0820 /* Token.swift */,
				C4187CB1287248E0003B0820 /* Evaluator.swift */,
			);
			path = Engine;
			sourceTree = "<group>";
		};
		C4187CB628725A11003B0820 /* Utilities */ = {
			isa = PBXGroup;
			children = (
				C4187CB728725A21003B0820 /* Binding+onChange.swift */,
				C4D2FB582877CEA4001E3DBD /* Color+init.swift */,
			);
			path = Utilities;
			sourceTree = "<group>";
		};
		C4941B91286FA05400D618D6 = {
			isa = PBXGroup;
			children = (
				C4941B9C286FA05400D618D6 /* Breeze */,
				C4187CAC287244E7003B0820 /* Engine */,
				C4941B9B286FA05400D618D6 /* Products */,
			);
			sourceTree = "<group>";
		};
		C4941B9B286FA05400D618D6 /* Products */ = {
			isa = PBXGroup;
			children = (
				C4941B9A286FA05400D618D6 /* Breeze.app */,
			);
			name = Products;
			sourceTree = "<group>";
		};
		C4941B9C286FA05400D618D6 /* Breeze */ = {
			isa = PBXGroup;
			children = (
				C46A2D432884562000F7DA59 /* Info.plist */,
				C4941BAB286FA33B00D618D6 /* Application */,
				C4941BAD286FA34C00D618D6 /* Controllers */,
				C4941BB0286FA57000D618D6 /* Components */,
				C4941BAC286FA34800D618D6 /* Views */,
				C4D2FB552877C585001E3DBD /* Settings */,
				C4187CB628725A11003B0820 /* Utilities */,
				C4941BAF286FA37300D618D6 /* Resources */,
				C4941BA3286FA05500D618D6 /* Preview Content */,
			);
			path = Breeze;
			sourceTree = "<group>";
		};
		C4941BA3286FA05500D618D6 /* Preview Content */ = {
			isa = PBXGroup;
			children = (
				C4941BA4286FA05500D618D6 /* Preview Assets.xcassets */,
			);
			path = "Preview Content";
			sourceTree = "<group>";
		};
		C4941BAB286FA33B00D618D6 /* Application */ = {
			isa = PBXGroup;
			children = (
				C4941B9D286FA05400D618D6 /* BreezeApp.swift */,
			);
			name = Application;
			sourceTree = "<group>";
		};
		C4941BAC286FA34800D618D6 /* Views */ = {
			isa = PBXGroup;
			children = (
				C4941B9F286FA05400D618D6 /* ContentView.swift */,
				C4F78C642883A9990010041F /* DragView.swift */,
			);
			path = Views;
			sourceTree = "<group>";
		};
		C4941BAD286FA34C00D618D6 /* Controllers */ = {
			isa = PBXGroup;
			children = (
			);
			path = Controllers;
			sourceTree = "<group>";
		};
		C4941BAF286FA37300D618D6 /* Resources */ = {
			isa = PBXGroup;
			children = (
				C4941BA1286FA05500D618D6 /* Assets.xcassets */,
			);
			path = Resources;
			sourceTree = "<group>";
		};
		C4941BB0286FA57000D618D6 /* Components */ = {
			isa = PBXGroup;
			children = (
				C4187CBB2872B575003B0820 /* DisplayView.swift */,
				C4187CBD2872B5AE003B0820 /* ButtonView.swift */,
				C4187CB92872B568003B0820 /* ButtonPanelView.swift */,
			);
			path = Components;
			sourceTree = "<group>";
		};
		C4D2FB552877C585001E3DBD /* Settings */ = {
			isa = PBXGroup;
			children = (
				C4D2FB562877C5A4001E3DBD /* Theme.swift */,
				C4D2FB5A28786BAD001E3DBD /* Settings.swift */,
			);
			path = Settings;
			sourceTree = "<group>";
		};
/* End PBXGroup section */

/* Begin PBXNativeTarget section */
		C4941B99286FA05400D618D6 /* Breeze */ = {
			isa = PBXNativeTarget;
			buildConfigurationList = C4941BA8286FA05500D618D6 /* Build configuration list for PBXNativeTarget "Breeze" */;
			buildPhases = (
				C4941B96286FA05400D618D6 /* Sources */,
				C4941B97286FA05400D618D6 /* Frameworks */,
				C4941B98286FA05400D618D6 /* Resources */,
			);
			buildRules = (
			);
			dependencies = (
			);
			name = Breeze;
			packageProductDependencies = (
				C4187CB428724934003B0820 /* Expression */,
			);
			productName = Breeze;
			productReference = C4941B9A286FA05400D618D6 /* Breeze.app */;
			productType = "com.apple.product-type.application";
		};
/* End PBXNativeTarget section */

/* Begin PBXProject section */
		C4941B92286FA05400D618D6 /* Project object */ = {
			isa = PBXProject;
			attributes = {
				BuildIndependentTargetsInParallel = 1;
				LastSwiftUpdateCheck = 1340;
				LastUpgradeCheck = 1340;
				TargetAttributes = {
					C4941B99286FA05400D618D6 = {
						CreatedOnToolsVersion = 13.4.1;
					};
				};
			};
			buildConfigurationList = C4941B95286FA05400D618D6 /* Build configuration list for PBXProject "Breeze" */;
			compatibilityVersion = "Xcode 13.0";
			developmentRegion = en;
			hasScannedForEncodings = 0;
			knownRegions = (
				en,
				Base,
			);
			mainGroup = C4941B91286FA05400D618D6;
			packageReferences = (
				C4187CB328724934003B0820 /* XCRemoteSwiftPackageReference "Expression" */,
			);
			productRefGroup = C4941B9B286FA05400D618D6 /* Products */;
			projectDirPath = "";
			projectRoot = "";
			targets = (
				C4941B99286FA05400D618D6 /* Breeze */,
			);
		};
/* End PBXProject section */

/* Begin PBXResourcesBuildPhase section */
		C4941B98286FA05400D618D6 /* Resources */ = {
			isa = PBXResourcesBuildPhase;
			buildActionMask = 2147483647;
			files = (
				C4941BA5286FA05500D618D6 /* Preview Assets.xcassets in Resources */,
				C4941BA2286FA05500D618D6 /* Assets.xcassets in Resources */,
			);
			runOnlyForDeploymentPostprocessing = 0;
		};
/* End PBXResourcesBuildPhase section */

/* Begin PBXSourcesBuildPhase section */
		C4941B96286FA05400D618D6 /* Sources */ = {
			isa = PBXSourcesBuildPhase;
			buildActionMask = 2147483647;
			files = (
				C4187CAE28724563003B0820 /* Input.swift in Sources */,
				C4D2FB592877CEA4001E3DBD /* Color+init.swift in Sources */,
				C4187CB828725A21003B0820 /* Binding+onChange.swift in Sources */,
				C4187CB0287248B7003B0820 /* Token.swift in Sources */,
				C4941BA0286FA05400D618D6 /* ContentView.swift in Sources */,
				C4187CBA2872B568003B0820 /* ButtonPanelView.swift in Sources */,
				C4D2FB5B28786BAD001E3DBD /* Settings.swift in Sources */,
				C4187CBC2872B575003B0820 /* DisplayView.swift in Sources */,
				C4187CB2287248E0003B0820 /* Evaluator.swift in Sources */,
				C4D2FB572877C5A4001E3DBD /* Theme.swift in Sources */,
				C4F78C652883A9990010041F /* DragView.swift in Sources */,
				C4941B9E286FA05400D618D6 /* BreezeApp.swift in Sources */,
				C4187CBE2872B5AE003B0820 /* ButtonView.swift in Sources */,
			);
			runOnlyForDeploymentPostprocessing = 0;
		};
/* End PBXSourcesBuildPhase section */

/* Begin XCBuildConfiguration section */
		C4941BA6286FA05500D618D6 /* Debug */ = {
			isa = XCBuildConfiguration;
			buildSettings = {
				ALWAYS_SEARCH_USER_PATHS = NO;
				CLANG_ANALYZER_NONNULL = YES;
				CLANG_ANALYZER_NUMBER_OBJECT_CONVERSION = YES_AGGRESSIVE;
				CLANG_CXX_LANGUAGE_STANDARD = "gnu++17";
				CLANG_ENABLE_MODULES = YES;
				CLANG_ENABLE_OBJC_ARC = YES;
				CLANG_ENABLE_OBJC_WEAK = YES;
				CLANG_WARN_BLOCK_CAPTURE_AUTORELEASING = YES;
				CLANG_WARN_BOOL_CONVERSION = YES;
				CLANG_WARN_COMMA = YES;
				CLANG_WARN_CONSTANT_CONVERSION = YES;
				CLANG_WARN_DEPRECATED_OBJC_IMPLEMENTATIONS = YES;
				CLANG_WARN_DIRECT_OBJC_ISA_USAGE = YES_ERROR;
				CLANG_WARN_DOCUMENTATION_COMMENTS = YES;
				CLANG_WARN_EMPTY_BODY = YES;
				CLANG_WARN_ENUM_CONVERSION = YES;
				CLANG_WARN_INFINITE_RECURSION = YES;
				CLANG_WARN_INT_CONVERSION = YES;
				CLANG_WARN_NON_LITERAL_NULL_CONVERSION = YES;
				CLANG_WARN_OBJC_IMPLICIT_RETAIN_SELF = YES;
				CLANG_WARN_OBJC_LITERAL_CONVERSION = YES;
				CLANG_WARN_OBJC_ROOT_CLASS = YES_ERROR;
				CLANG_WARN_QUOTED_INCLUDE_IN_FRAMEWORK_HEADER = YES;
				CLANG_WARN_RANGE_LOOP_ANALYSIS = YES;
				CLANG_WARN_STRICT_PROTOTYPES = YES;
				CLANG_WARN_SUSPICIOUS_MOVE = YES;
				CLANG_WARN_UNGUARDED_AVAILABILITY = YES_AGGRESSIVE;
				CLANG_WARN_UNREACHABLE_CODE = YES;
				CLANG_WARN__DUPLICATE_METHOD_MATCH = YES;
				COPY_PHASE_STRIP = NO;
				DEBUG_INFORMATION_FORMAT = dwarf;
				ENABLE_STRICT_OBJC_MSGSEND = YES;
				ENABLE_TESTABILITY = YES;
				GCC_C_LANGUAGE_STANDARD = gnu11;
				GCC_DYNAMIC_NO_PIC = NO;
				GCC_NO_COMMON_BLOCKS = YES;
				GCC_OPTIMIZATION_LEVEL = 0;
				GCC_PREPROCESSOR_DEFINITIONS = (
					"DEBUG=1",
					"$(inherited)",
				);
				GCC_WARN_64_TO_32_BIT_CONVERSION = YES;
				GCC_WARN_ABOUT_RETURN_TYPE = YES_ERROR;
				GCC_WARN_UNDECLARED_SELECTOR = YES;
				GCC_WARN_UNINITIALIZED_AUTOS = YES_AGGRESSIVE;
				GCC_WARN_UNUSED_FUNCTION = YES;
				GCC_WARN_UNUSED_VARIABLE = YES;
				IPHONEOS_DEPLOYMENT_TARGET = 15.5;
				MTL_ENABLE_DEBUG_INFO = INCLUDE_SOURCE;
				MTL_FAST_MATH = YES;
				ONLY_ACTIVE_ARCH = YES;
				SDKROOT = iphoneos;
				SWIFT_ACTIVE_COMPILATION_CONDITIONS = DEBUG;
				SWIFT_OPTIMIZATION_LEVEL = "-Onone";
			};
			name = Debug;
		};
		C4941BA7286FA05500D618D6 /* Release */ = {
			isa = XCBuildConfiguration;
			buildSettings = {
				ALWAYS_SEARCH_USER_PATHS = NO;
				CLANG_ANALYZER_NONNULL = YES;
				CLANG_ANALYZER_NUMBER_OBJECT_CONVERSION = YES_AGGRESSIVE;
				CLANG_CXX_LANGUAGE_STANDARD = "gnu++17";
				CLANG_ENABLE_MODULES = YES;
				CLANG_ENABLE_OBJC_ARC = YES;
				CLANG_ENABLE_OBJC_WEAK = YES;
				CLANG_WARN_BLOCK_CAPTURE_AUTORELEASING = YES;
				CLANG_WARN_BOOL_CONVERSION = YES;
				CLANG_WARN_COMMA = YES;
				CLANG_WARN_CONSTANT_CONVERSION = YES;
				CLANG_WARN_DEPRECATED_OBJC_IMPLEMENTATIONS = YES;
				CLANG_WARN_DIRECT_OBJC_ISA_USAGE = YES_ERROR;
				CLANG_WARN_DOCUMENTATION_COMMENTS = YES;
				CLANG_WARN_EMPTY_BODY = YES;
				CLANG_WARN_ENUM_CONVERSION = YES;
				CLANG_WARN_INFINITE_RECURSION = YES;
				CLANG_WARN_INT_CONVERSION = YES;
				CLANG_WARN_NON_LITERAL_NULL_CONVERSION = YES;
				CLANG_WARN_OBJC_IMPLICIT_RETAIN_SELF = YES;
				CLANG_WARN_OBJC_LITERAL_CONVERSION = YES;
				CLANG_WARN_OBJC_ROOT_CLASS = YES_ERROR;
				CLANG_WARN_QUOTED_INCLUDE_IN_FRAMEWORK_HEADER = YES;
				CLANG_WARN_RANGE_LOOP_ANALYSIS = YES;
				CLANG_WARN_STRICT_PROTOTYPES = YES;
				CLANG_WARN_SUSPICIOUS_MOVE = YES;
				CLANG_WARN_UNGUARDED_AVAILABILITY = YES_AGGRESSIVE;
				CLANG_WARN_UNREACHABLE_CODE = YES;
				CLANG_WARN__DUPLICATE_METHOD_MATCH = YES;
				COPY_PHASE_STRIP = NO;
				DEBUG_INFORMATION_FORMAT = "dwarf-with-dsym";
				ENABLE_NS_ASSERTIONS = NO;
				ENABLE_STRICT_OBJC_MSGSEND = YES;
				GCC_C_LANGUAGE_STANDARD = gnu11;
				GCC_NO_COMMON_BLOCKS = YES;
				GCC_WARN_64_TO_32_BIT_CONVERSION = YES;
				GCC_WARN_ABOUT_RETURN_TYPE = YES_ERROR;
				GCC_WARN_UNDECLARED_SELECTOR = YES;
				GCC_WARN_UNINITIALIZED_AUTOS = YES_AGGRESSIVE;
				GCC_WARN_UNUSED_FUNCTION = YES;
				GCC_WARN_UNUSED_VARIABLE = YES;
				IPHONEOS_DEPLOYMENT_TARGET = 15.5;
				MTL_ENABLE_DEBUG_INFO = NO;
				MTL_FAST_MATH = YES;
				SDKROOT = iphoneos;
				SWIFT_COMPILATION_MODE = wholemodule;
				SWIFT_OPTIMIZATION_LEVEL = "-O";
				VALIDATE_PRODUCT = YES;
			};
			name = Release;
		};
		C4941BA9286FA05500D618D6 /* Debug */ = {
			isa = XCBuildConfiguration;
			buildSettings = {
				ASSETCATALOG_COMPILER_APPICON_NAME = AppIcon;
				ASSETCATALOG_COMPILER_GLOBAL_ACCENT_COLOR_NAME = AccentColor;
				CODE_SIGN_STYLE = Automatic;
				CURRENT_PROJECT_VERSION = 1;
				DEVELOPMENT_ASSET_PATHS = "\"Breeze/Preview Content\"";
				DEVELOPMENT_TEAM = U9GP8P3N2C;
				ENABLE_PREVIEWS = YES;
				GENERATE_INFOPLIST_FILE = YES;
				INFOPLIST_FILE = Breeze/Info.plist;
				INFOPLIST_KEY_UIApplicationSceneManifest_Generation = YES;
				INFOPLIST_KEY_UIApplicationSupportsIndirectInputEvents = YES;
				INFOPLIST_KEY_UILaunchScreen_Generation = YES;
				INFOPLIST_KEY_UISupportedInterfaceOrientations = UIInterfaceOrientationPortrait;
				INFOPLIST_KEY_UISupportedInterfaceOrientations_iPad = "UIInterfaceOrientationLandscapeLeft UIInterfaceOrientationLandscapeRight UIInterfaceOrientationPortraitUpsideDown";
				IPHONEOS_DEPLOYMENT_TARGET = 15.0;
				LD_RUNPATH_SEARCH_PATHS = (
					"$(inherited)",
					"@executable_path/Frameworks",
				);
				MARKETING_VERSION = 0.1.0;
				PRODUCT_BUNDLE_IDENTIFIER = com.jzshao.Breeze;
				PRODUCT_NAME = "$(TARGET_NAME)";
				SWIFT_EMIT_LOC_STRINGS = YES;
				SWIFT_VERSION = 5.0;
				TARGETED_DEVICE_FAMILY = 1;
			};
			name = Debug;
		};
		C4941BAA286FA05500D618D6 /* Release */ = {
			isa = XCBuildConfiguration;
			buildSettings = {
				ASSETCATALOG_COMPILER_APPICON_NAME = AppIcon;
				ASSETCATALOG_COMPILER_GLOBAL_ACCENT_COLOR_NAME = AccentColor;
				CODE_SIGN_STYLE = Automatic;
				CURRENT_PROJECT_VERSION = 1;
				DEVELOPMENT_ASSET_PATHS = "\"Breeze/Preview Content\"";
				DEVELOPMENT_TEAM = U9GP8P3N2C;
				ENABLE_PREVIEWS = YES;
				GENERATE_INFOPLIST_FILE = YES;
				INFOPLIST_FILE = Breeze/Info.plist;
				INFOPLIST_KEY_UIApplicationSceneManifest_Generation = YES;
				INFOPLIST_KEY_UIApplicationSupportsIndirectInputEvents = YES;
				INFOPLIST_KEY_UILaunchScreen_Generation = YES;
				INFOPLIST_KEY_UISupportedInterfaceOrientations = UIInterfaceOrientationPortrait;
				INFOPLIST_KEY_UISupportedInterfaceOrientations_iPad = "UIInterfaceOrientationLandscapeLeft UIInterfaceOrientationLandscapeRight UIInterfaceOrientationPortraitUpsideDown";
				IPHONEOS_DEPLOYMENT_TARGET = 15.0;
				LD_RUNPATH_SEARCH_PATHS = (
					"$(inherited)",
					"@executable_path/Frameworks",
				);
				MARKETING_VERSION = 0.1.0;
				PRODUCT_BUNDLE_IDENTIFIER = com.jzshao.Breeze;
				PRODUCT_NAME = "$(TARGET_NAME)";
				SWIFT_EMIT_LOC_STRINGS = YES;
				SWIFT_VERSION = 5.0;
				TARGETED_DEVICE_FAMILY = 1;
			};
			name = Release;
		};
/* End XCBuildConfiguration section */

/* Begin XCConfigurationList section */
		C4941B95286FA05400D618D6 /* Build configuration list for PBXProject "Breeze" */ = {
			isa = XCConfigurationList;
			buildConfigurations = (
				C4941BA6286FA05500D618D6 /* Debug */,
				C4941BA7286FA05500D618D6 /* Release */,
			);
			defaultConfigurationIsVisible = 0;
			defaultConfigurationName = Release;
		};
		C4941BA8286FA05500D618D6 /* Build configuration list for PBXNativeTarget "Breeze" */ = {
			isa = XCConfigurationList;
			buildConfigurations = (
				C4941BA9286FA05500D618D6 /* Debug */,
				C4941BAA286FA05500D618D6 /* Release */,
			);
			defaultConfigurationIsVisible = 0;
			defaultConfigurationName = Release;
		};
/* End XCConfigurationList section */

/* Begin XCRemoteSwiftPackageReference section */
		C4187CB328724934003B0820 /* XCRemoteSwiftPackageReference "Expression" */ = {
			isa = XCRemoteSwiftPackageReference;
			repositoryURL = "https://github.com/nicklockwood/Expression.git";
			requirement = {
				kind = upToNextMinorVersion;
				minimumVersion = 0.13.6;
			};
		};
/* End XCRemoteSwiftPackageReference section */

/* Begin XCSwiftPackageProductDependency section */
		C4187CB428724934003B0820 /* Expression */ = {
			isa = XCSwiftPackageProductDependency;
			package = C4187CB328724934003B0820 /* XCRemoteSwiftPackageReference "Expression" */;
			productName = Expression;
		};
/* End XCSwiftPackageProductDependency section */
	};
	rootObject = C4941B92286FA05400D618D6 /* Project object */;
}
